{
  "version": 4,
  "terraform_version": "0.13.5",
  "serial": 14,
  "lineage": "4db7c904-788f-35e3-4345-84d7795cea10",
  "outputs": {},
  "resources": [
    {
      "mode": "managed",
      "type": "aws_db_instance",
      "name": "default",
      "provider": "provider[\"registry.terraform.io/hashicorp/aws\"]",
      "instances": [
        {
          "status": "tainted",
          "schema_version": 1,
          "attributes": {
            "address": null,
            "allocated_storage": 20,
            "allow_major_version_upgrade": null,
            "apply_immediately": null,
            "arn": null,
            "auto_minor_version_upgrade": true,
            "availability_zone": null,
            "backup_retention_period": null,
            "backup_window": null,
            "ca_cert_identifier": null,
            "character_set_name": null,
            "copy_tags_to_snapshot": false,
            "db_subnet_group_name": null,
            "delete_automated_backups": true,
            "deletion_protection": null,
            "domain": null,
            "domain_iam_role_name": null,
            "enabled_cloudwatch_logs_exports": null,
            "endpoint": null,
            "engine": "mariadb",
            "engine_version": "10.3.13",
            "final_snapshot_identifier": null,
            "hosted_zone_id": null,
            "iam_database_authentication_enabled": null,
            "id": "my-database",
            "identifier": "my-database",
            "identifier_prefix": null,
            "instance_class": "db.t2.micro",
            "iops": null,
            "kms_key_id": null,
            "latest_restorable_time": null,
            "license_model": null,
            "maintenance_window": null,
            "max_allocated_storage": null,
            "monitoring_interval": 0,
            "monitoring_role_arn": null,
            "multi_az": false,
            "name": null,
            "option_group_name": null,
            "parameter_group_name": "default.mariadb10.3",
            "password": "OB}hR1C=lxf{e#eE",
            "performance_insights_enabled": false,
            "performance_insights_kms_key_id": null,
            "performance_insights_retention_period": null,
            "port": null,
            "publicly_accessible": false,
            "replicas": null,
            "replicate_source_db": null,
            "resource_id": null,
            "restore_to_point_in_time": [],
            "s3_import": [],
            "security_group_names": null,
            "skip_final_snapshot": true,
            "snapshot_identifier": null,
            "status": null,
            "storage_encrypted": false,
            "storage_type": "gp2",
            "tags": null,
            "timeouts": null,
            "timezone": null,
            "username": "admin",
            "vpc_security_group_ids": []
          },
          "private": "eyJlMmJmYjczMC1lY2FhLTExZTYtOGY4OC0zNDM2M2JjN2M0YzAiOnsiY3JlYXRlIjoyNDAwMDAwMDAwMDAwLCJkZWxldGUiOjM2MDAwMDAwMDAwMDAsInVwZGF0ZSI6NDgwMDAwMDAwMDAwMH0sInNjaGVtYV92ZXJzaW9uIjoiMSJ9",
          "dependencies": [
            "random_password.password"
          ]
        }
      ]
    },
    {
      "mode": "managed",
      "type": "aws_instance",
      "name": "proxysql",
      "provider": "provider[\"registry.terraform.io/hashicorp/aws\"]",
      "instances": [
        {
          "schema_version": 1,
          "attributes": {
            "ami": "ami-0aef57767f5404a3c",
            "arn": "arn:aws:ec2:eu-west-1:016230046494:instance/i-0fe2522a8c96be937",
            "associate_public_ip_address": true,
            "availability_zone": "eu-west-1c",
            "cpu_core_count": 1,
            "cpu_threads_per_core": 2,
            "credit_specification": [
              {
                "cpu_credits": "unlimited"
              }
            ],
            "disable_api_termination": false,
            "ebs_block_device": [],
            "ebs_optimized": false,
            "enclave_options": [
              {
                "enabled": false
              }
            ],
            "ephemeral_block_device": [],
            "get_password_data": false,
            "hibernation": false,
            "host_id": null,
            "iam_instance_profile": "",
            "id": "i-0fe2522a8c96be937",
            "instance_initiated_shutdown_behavior": null,
            "instance_state": "running",
            "instance_type": "t3a.nano",
            "ipv6_address_count": 0,
            "ipv6_addresses": [],
            "key_name": "proxysql_pem",
            "metadata_options": [
              {
                "http_endpoint": "enabled",
                "http_put_response_hop_limit": 1,
                "http_tokens": "optional"
              }
            ],
            "monitoring": false,
            "network_interface": [],
            "outpost_arn": "",
            "password_data": "",
            "placement_group": "",
            "primary_network_interface_id": "eni-0912ed808e8fe280b",
            "private_dns": "ip-172-31-29-202.eu-west-1.compute.internal",
            "private_ip": "172.31.29.202",
            "public_dns": "ec2-54-74-242-109.eu-west-1.compute.amazonaws.com",
            "public_ip": "54.74.242.109",
            "root_block_device": [
              {
                "delete_on_termination": true,
                "device_name": "/dev/sda1",
                "encrypted": false,
                "iops": 100,
                "kms_key_id": "",
                "throughput": 0,
                "volume_id": "vol-072e411b9eb00b870",
                "volume_size": 8,
                "volume_type": "gp2"
              }
            ],
            "secondary_private_ips": [],
            "security_groups": [
              "proxysql"
            ],
            "source_dest_check": true,
            "subnet_id": "subnet-a135ded7",
            "tags": {
              "Name": "proxysql"
            },
            "tenancy": "default",
            "timeouts": null,
            "user_data": null,
            "user_data_base64": null,
            "volume_tags": {},
            "vpc_security_group_ids": [
              "sg-0724e335c3ff5a350"
            ]
          },
          "private": "eyJlMmJmYjczMC1lY2FhLTExZTYtOGY4OC0zNDM2M2JjN2M0YzAiOnsiY3JlYXRlIjo2MDAwMDAwMDAwMDAsImRlbGV0ZSI6MTIwMDAwMDAwMDAwMCwidXBkYXRlIjo2MDAwMDAwMDAwMDB9LCJzY2hlbWFfdmVyc2lvbiI6IjEifQ==",
          "dependencies": [
            "aws_key_pair.pem-key",
            "aws_security_group.proxysql_sg"
          ]
        }
      ]
    },
    {
      "mode": "managed",
      "type": "aws_instance",
      "name": "webserver",
      "provider": "provider[\"registry.terraform.io/hashicorp/aws\"]",
      "instances": [
        {
          "schema_version": 1,
          "attributes": {
            "ami": "ami-0aef57767f5404a3c",
            "arn": "arn:aws:ec2:eu-west-1:016230046494:instance/i-03d30ebc5a545c4d3",
            "associate_public_ip_address": true,
            "availability_zone": "eu-west-1c",
            "cpu_core_count": 1,
            "cpu_threads_per_core": 2,
            "credit_specification": [
              {
                "cpu_credits": "unlimited"
              }
            ],
            "disable_api_termination": false,
            "ebs_block_device": [],
            "ebs_optimized": false,
            "enclave_options": [
              {
                "enabled": false
              }
            ],
            "ephemeral_block_device": [],
            "get_password_data": false,
            "hibernation": false,
            "host_id": null,
            "iam_instance_profile": "",
            "id": "i-03d30ebc5a545c4d3",
            "instance_initiated_shutdown_behavior": null,
            "instance_state": "running",
            "instance_type": "t3a.nano",
            "ipv6_address_count": 0,
            "ipv6_addresses": [],
            "key_name": "proxysql_pem",
            "metadata_options": [
              {
                "http_endpoint": "enabled",
                "http_put_response_hop_limit": 1,
                "http_tokens": "optional"
              }
            ],
            "monitoring": false,
            "network_interface": [],
            "outpost_arn": "",
            "password_data": "",
            "placement_group": "",
            "primary_network_interface_id": "eni-0b206dcf88bf07754",
            "private_dns": "ip-172-31-20-2.eu-west-1.compute.internal",
            "private_ip": "172.31.20.2",
            "public_dns": "ec2-34-251-171-205.eu-west-1.compute.amazonaws.com",
            "public_ip": "34.251.171.205",
            "root_block_device": [
              {
                "delete_on_termination": true,
                "device_name": "/dev/sda1",
                "encrypted": false,
                "iops": 100,
                "kms_key_id": "",
                "throughput": 0,
                "volume_id": "vol-0fbd80e68ca38d1d5",
                "volume_size": 8,
                "volume_type": "gp2"
              }
            ],
            "secondary_private_ips": [],
            "security_groups": [
              "webserver"
            ],
            "source_dest_check": true,
            "subnet_id": "subnet-a135ded7",
            "tags": {
              "Name": "webserver"
            },
            "tenancy": "default",
            "timeouts": null,
            "user_data": null,
            "user_data_base64": null,
            "volume_tags": {},
            "vpc_security_group_ids": [
              "sg-039ef0717e0b82f8c"
            ]
          },
          "private": "eyJlMmJmYjczMC1lY2FhLTExZTYtOGY4OC0zNDM2M2JjN2M0YzAiOnsiY3JlYXRlIjo2MDAwMDAwMDAwMDAsImRlbGV0ZSI6MTIwMDAwMDAwMDAwMCwidXBkYXRlIjo2MDAwMDAwMDAwMDB9LCJzY2hlbWFfdmVyc2lvbiI6IjEifQ==",
          "dependencies": [
            "aws_key_pair.pem-key",
            "aws_security_group.webserver_sg"
          ]
        }
      ]
    },
    {
      "mode": "managed",
      "type": "aws_key_pair",
      "name": "pem-key",
      "provider": "provider[\"registry.terraform.io/hashicorp/aws\"]",
      "instances": [
        {
          "schema_version": 1,
          "attributes": {
            "arn": "arn:aws:ec2:eu-west-1:016230046494:key-pair/proxysql_pem",
            "fingerprint": "73:e8:ec:63:54:c2:7d:cc:3f:c2:4d:01:3f:e0:7b:d1",
            "id": "proxysql_pem",
            "key_name": "proxysql_pem",
            "key_name_prefix": null,
            "key_pair_id": "key-08f08cbf8cac53397",
            "public_key": "ssh-rsa AAAAB3NzaC1yc2EAAAADAQABAAABAQCnyvPtE6dXGtPj8xwuvI54ULkfbnAjAFP3UWZC5WXc3ag/IGCuxLbMvbRRUsn9ytnb5JYDR6tPYqYRrWWjhp8sRqWlxe8Vm6X8iSUSvswKsgKRFKJtgkmHm+qx+3o+r7Mmcf+oxGDlajqAMk1vgX0aUtNMerKjd6KLa5hV3f4MjLEFwzIKUDvdLywCVSWoBsAvY6H9QvbUxMJL1+nMbBusqvV8Wv6RPpEH5T5BFJWf5Krl++olGg9PAD0eCgINLoXgnCjgtH2oYH3GGAgtRs1uErKSRXaJ8Twknq8cTCIW2vLHxd1h/yeGVpaA4ypdeFDtef0fHhds2z5wy+D65E0N gordon@picard",
            "tags": {}
          },
          "private": "eyJzY2hlbWFfdmVyc2lvbiI6IjEifQ=="
        }
      ]
    },
    {
      "mode": "managed",
      "type": "aws_secretsmanager_secret",
      "name": "example",
      "provider": "provider[\"registry.terraform.io/hashicorp/aws\"]",
      "instances": [
        {
          "schema_version": 0,
          "attributes": {
            "arn": "arn:aws:secretsmanager:eu-west-1:016230046494:secret:rds_admin-5WXEWE",
            "description": "RDS Admin password",
            "id": "arn:aws:secretsmanager:eu-west-1:016230046494:secret:rds_admin-5WXEWE",
            "kms_key_id": "",
            "name": "rds_admin",
            "name_prefix": null,
            "policy": null,
            "recovery_window_in_days": 14,
            "rotation_enabled": false,
            "rotation_lambda_arn": "",
            "rotation_rules": [],
            "tags": {}
          },
          "private": "bnVsbA=="
        }
      ]
    },
    {
      "mode": "managed",
      "type": "aws_secretsmanager_secret_version",
      "name": "secret",
      "provider": "provider[\"registry.terraform.io/hashicorp/aws\"]",
      "instances": [
        {
          "schema_version": 0,
          "attributes": {
            "arn": "arn:aws:secretsmanager:eu-west-1:016230046494:secret:rds_admin-5WXEWE",
            "id": "arn:aws:secretsmanager:eu-west-1:016230046494:secret:rds_admin-5WXEWE|5E30B224-3EFE-4451-9515-FFBB2F52791F",
            "secret_binary": "",
            "secret_id": "arn:aws:secretsmanager:eu-west-1:016230046494:secret:rds_admin-5WXEWE",
            "secret_string": "OB}hR1C=lxf{e#eE",
            "version_id": "5E30B224-3EFE-4451-9515-FFBB2F52791F",
            "version_stages": [
              "AWSCURRENT"
            ]
          },
          "private": "bnVsbA==",
          "dependencies": [
            "aws_secretsmanager_secret.example",
            "random_password.password"
          ]
        }
      ]
    },
    {
      "mode": "managed",
      "type": "aws_security_group",
      "name": "proxysql_sg",
      "provider": "provider[\"registry.terraform.io/hashicorp/aws\"]",
      "instances": [
        {
          "schema_version": 1,
          "attributes": {
            "arn": "arn:aws:ec2:eu-west-1:016230046494:security-group/sg-0724e335c3ff5a350",
            "description": "proxysql security group",
            "egress": [],
            "id": "sg-0724e335c3ff5a350",
            "ingress": [],
            "name": "proxysql",
            "name_prefix": "",
            "owner_id": "016230046494",
            "revoke_rules_on_delete": false,
            "tags": {
              "Name": "proxysql_security_group"
            },
            "timeouts": null,
            "vpc_id": "vpc-e8bfa78d"
          },
          "private": "eyJlMmJmYjczMC1lY2FhLTExZTYtOGY4OC0zNDM2M2JjN2M0YzAiOnsiY3JlYXRlIjo2MDAwMDAwMDAwMDAsImRlbGV0ZSI6NjAwMDAwMDAwMDAwfSwic2NoZW1hX3ZlcnNpb24iOiIxIn0="
        }
      ]
    },
    {
      "mode": "managed",
      "type": "aws_security_group",
      "name": "webserver_sg",
      "provider": "provider[\"registry.terraform.io/hashicorp/aws\"]",
      "instances": [
        {
          "schema_version": 1,
          "attributes": {
            "arn": "arn:aws:ec2:eu-west-1:016230046494:security-group/sg-039ef0717e0b82f8c",
            "description": "webserver security group",
            "egress": [
              {
                "cidr_blocks": [
                  "0.0.0.0/0"
                ],
                "description": "Allow all out",
                "from_port": 0,
                "ipv6_cidr_blocks": [],
                "prefix_list_ids": [],
                "protocol": "-1",
                "security_groups": [],
                "self": false,
                "to_port": 0
              }
            ],
            "id": "sg-039ef0717e0b82f8c",
            "ingress": [
              {
                "cidr_blocks": [
                  "35.174.71.212/32"
                ],
                "description": "SSH access",
                "from_port": 22,
                "ipv6_cidr_blocks": [],
                "prefix_list_ids": [],
                "protocol": "tcp",
                "security_groups": [],
                "self": false,
                "to_port": 22
              }
            ],
            "name": "webserver",
            "name_prefix": "",
            "owner_id": "016230046494",
            "revoke_rules_on_delete": false,
            "tags": {
              "Name": "webserver_security_group"
            },
            "timeouts": null,
            "vpc_id": "vpc-e8bfa78d"
          },
          "private": "eyJlMmJmYjczMC1lY2FhLTExZTYtOGY4OC0zNDM2M2JjN2M0YzAiOnsiY3JlYXRlIjo2MDAwMDAwMDAwMDAsImRlbGV0ZSI6NjAwMDAwMDAwMDAwfSwic2NoZW1hX3ZlcnNpb24iOiIxIn0="
        }
      ]
    },
    {
      "mode": "managed",
      "type": "aws_security_group_rule",
      "name": "webserver_egress_1",
      "provider": "provider[\"registry.terraform.io/hashicorp/aws\"]",
      "instances": [
        {
          "schema_version": 2,
          "attributes": {
            "cidr_blocks": [
              "0.0.0.0/0"
            ],
            "description": "Allow all out",
            "from_port": 0,
            "id": "sgrule-3341907530",
            "ipv6_cidr_blocks": [],
            "prefix_list_ids": [],
            "protocol": "-1",
            "security_group_id": "sg-039ef0717e0b82f8c",
            "self": false,
            "source_security_group_id": null,
            "to_port": 0,
            "type": "egress"
          },
          "private": "eyJzY2hlbWFfdmVyc2lvbiI6IjIifQ==",
          "dependencies": [
            "aws_security_group.webserver_sg"
          ]
        }
      ]
    },
    {
      "mode": "managed",
      "type": "aws_security_group_rule",
      "name": "webserver_ingress_1",
      "provider": "provider[\"registry.terraform.io/hashicorp/aws\"]",
      "instances": [
        {
          "schema_version": 2,
          "attributes": {
            "cidr_blocks": [
              "35.174.71.212/32"
            ],
            "description": "SSH access",
            "from_port": 22,
            "id": "sgrule-4251141236",
            "ipv6_cidr_blocks": [],
            "prefix_list_ids": [],
            "protocol": "tcp",
            "security_group_id": "sg-039ef0717e0b82f8c",
            "self": false,
            "source_security_group_id": null,
            "to_port": 22,
            "type": "ingress"
          },
          "private": "eyJzY2hlbWFfdmVyc2lvbiI6IjIifQ==",
          "dependencies": [
            "aws_security_group.webserver_sg"
          ]
        }
      ]
    },
    {
      "mode": "managed",
      "type": "random_password",
      "name": "password",
      "provider": "provider[\"registry.terraform.io/hashicorp/random\"]",
      "instances": [
        {
          "schema_version": 0,
          "attributes": {
            "id": "none",
            "keepers": null,
            "length": 16,
            "lower": true,
            "min_lower": 0,
            "min_numeric": 0,
            "min_special": 0,
            "min_upper": 0,
            "number": true,
            "override_special": null,
            "result": "OB}hR1C=lxf{e#eE",
            "special": true,
            "upper": true
          },
          "private": "bnVsbA=="
        }
      ]
    }
  ]
}
